
Microsoft Visual Studio Solution File, Format Version 12.00
# Visual Studio 15
VisualStudioVersion = 15.0.27703.2000
MinimumVisualStudioVersion = 10.0.40219.1
Project("{9A19103F-16F7-4668-BE54-9A1E7A4F7556}") = "Pwning.Posse.Common", "Pwning.Posse.Common\Pwning.Posse.Common.csproj", "{BF560E28-5941-418D-AF77-2CB791066BC7}"
EndProject
Project("{FAE04EC0-301F-11D3-BF4B-00C04F79EFBC}") = "Pwning.Posse.CommandLine", "Pwning.Posse.Console\Pwning.Posse.CommandLine.csproj", "{4DDBEA4C-8A9E-44EF-A5FF-CA6BCA8754F7}"
EndProject
Project("{FAE04EC0-301F-11D3-BF4B-00C04F79EFBC}") = "Pwning.Posse.Tracker", "Pwning.Posse.Analyzer\Pwning.Posse.Analyzer\Pwning.Posse.Tracker.csproj", "{49A0DD1D-5CEC-4FAB-A539-1100824859BC}"
EndProject
Project("{2150E333-8FDC-42A3-9474-1A3956D46DE8}") = "Unit test", "Unit test", "{23C12D1B-F13D-4643-884F-2B905081645D}"
EndProject
Global
	GlobalSection(SolutionConfigurationPlatforms) = preSolution
		Debug|Any CPU = Debug|Any CPU
		Release|Any CPU = Release|Any CPU
	EndGlobalSection
	GlobalSection(ProjectConfigurationPlatforms) = postSolution
		{BF560E28-5941-418D-AF77-2CB791066BC7}.Debug|Any CPU.ActiveCfg = Debug|Any CPU
		{BF560E28-5941-418D-AF77-2CB791066BC7}.Debug|Any CPU.Build.0 = Debug|Any CPU
		{BF560E28-5941-418D-AF77-2CB791066BC7}.Release|Any CPU.ActiveCfg = Release|Any CPU
		{BF560E28-5941-418D-AF77-2CB791066BC7}.Release|Any CPU.Build.0 = Release|Any CPU
		{4DDBEA4C-8A9E-44EF-A5FF-CA6BCA8754F7}.Debug|Any CPU.ActiveCfg = Debug|Any CPU
		{4DDBEA4C-8A9E-44EF-A5FF-CA6BCA8754F7}.Debug|Any CPU.Build.0 = Debug|Any CPU
		{4DDBEA4C-8A9E-44EF-A5FF-CA6BCA8754F7}.Release|Any CPU.ActiveCfg = Release|Any CPU
		{4DDBEA4C-8A9E-44EF-A5FF-CA6BCA8754F7}.Release|Any CPU.Build.0 = Release|Any CPU
		{49A0DD1D-5CEC-4FAB-A539-1100824859BC}.Debug|Any CPU.ActiveCfg = Debug|Any CPU
		{49A0DD1D-5CEC-4FAB-A539-1100824859BC}.Debug|Any CPU.Build.0 = Debug|Any CPU
		{49A0DD1D-5CEC-4FAB-A539-1100824859BC}.Release|Any CPU.ActiveCfg = Release|Any CPU
		{49A0DD1D-5CEC-4FAB-A539-1100824859BC}.Release|Any CPU.Build.0 = Release|Any CPU
	EndGlobalSection
	GlobalSection(SolutionProperties) = preSolution
		HideSolutionNode = FALSE
	EndGlobalSection
	GlobalSection(ExtensibilityGlobals) = postSolution
		SolutionGuid = {E973DAF8-46C8-4B94-BDD6-D736345A14C2}
	EndGlobalSection
EndGlobal
